
Microsoft Visual Studio Solution File, Format Version 12.00
# Visual Studio 15
VisualStudioVersion = 15.0.27130.2010
MinimumVisualStudioVersion = 10.0.40219.1
Project("{FAE04EC0-301F-11D3-BF4B-00C04F79EFBC}") = "S1Pop_Biblioteka", "S1Pop_Biblioteka\S1Pop_Biblioteka.csproj", "{B4533CE6-BB90-44DE-BDC1-4642B5279E28}"
EndProject
Project("{FAE04EC0-301F-11D3-BF4B-00C04F79EFBC}") = "S2_Hotel", "S2_Hotel\S2_Hotel.csproj", "{837488E1-AF85-4F47-A378-89FCBBA86737}"
EndProject
Project("{FAE04EC0-301F-11D3-BF4B-00C04F79EFBC}") = "S3_Przychodnia", "S3_Przychodnia\S3_Przychodnia.csproj", "{3623F01C-D210-4BC1-BA8A-FE8105E5407C}"
EndProject
Project("{FAE04EC0-301F-11D3-BF4B-00C04F79EFBC}") = "S4_Warsztat", "S4_Warsztat\S4_Warsztat.csproj", "{9B0132DD-A522-4229-9753-06FD1522FCFC}"
EndProject
Global
	GlobalSection(SolutionConfigurationPlatforms) = preSolution
		Debug|Any CPU = Debug|Any CPU
		Release|Any CPU = Release|Any CPU
	EndGlobalSection
	GlobalSection(ProjectConfigurationPlatforms) = postSolution
		{B4533CE6-BB90-44DE-BDC1-4642B5279E28}.Debug|Any CPU.ActiveCfg = Debug|Any CPU
		{B4533CE6-BB90-44DE-BDC1-4642B5279E28}.Debug|Any CPU.Build.0 = Debug|Any CPU
		{B4533CE6-BB90-44DE-BDC1-4642B5279E28}.Release|Any CPU.ActiveCfg = Release|Any CPU
		{B4533CE6-BB90-44DE-BDC1-4642B5279E28}.Release|Any CPU.Build.0 = Release|Any CPU
		{837488E1-AF85-4F47-A378-89FCBBA86737}.Debug|Any CPU.ActiveCfg = Debug|Any CPU
		{837488E1-AF85-4F47-A378-89FCBBA86737}.Debug|Any CPU.Build.0 = Debug|Any CPU
		{837488E1-AF85-4F47-A378-89FCBBA86737}.Release|Any CPU.ActiveCfg = Release|Any CPU
		{837488E1-AF85-4F47-A378-89FCBBA86737}.Release|Any CPU.Build.0 = Release|Any CPU
		{3623F01C-D210-4BC1-BA8A-FE8105E5407C}.Debug|Any CPU.ActiveCfg = Debug|Any CPU
		{3623F01C-D210-4BC1-BA8A-FE8105E5407C}.Debug|Any CPU.Build.0 = Debug|Any CPU
		{3623F01C-D210-4BC1-BA8A-FE8105E5407C}.Release|Any CPU.ActiveCfg = Release|Any CPU
		{3623F01C-D210-4BC1-BA8A-FE8105E5407C}.Release|Any CPU.Build.0 = Release|Any CPU
		{9B0132DD-A522-4229-9753-06FD1522FCFC}.Debug|Any CPU.ActiveCfg = Debug|Any CPU
		{9B0132DD-A522-4229-9753-06FD1522FCFC}.Debug|Any CPU.Build.0 = Debug|Any CPU
		{9B0132DD-A522-4229-9753-06FD1522FCFC}.Release|Any CPU.ActiveCfg = Release|Any CPU
		{9B0132DD-A522-4229-9753-06FD1522FCFC}.Release|Any CPU.Build.0 = Release|Any CPU
	EndGlobalSection
	GlobalSection(SolutionProperties) = preSolution
		HideSolutionNode = FALSE
	EndGlobalSection
	GlobalSection(ExtensibilityGlobals) = postSolution
		SolutionGuid = {50AE50B3-04DE-43E7-B578-32889E89702B}
	EndGlobalSection
EndGlobal
